
Microsoft Visual Studio Solution File, Format Version 12.00
# Visual Studio 15
Project("{FAE04EC0-301F-11D3-BF4B-00C04F79EFBC}") = "Assembly-CSharp", "Assembly-CSharp.csproj", "{E0573D07-0257-02A8-6C5F-81F58B71F59A}"
EndProject
Project("{FAE04EC0-301F-11D3-BF4B-00C04F79EFBC}") = "Assembly-CSharp-Editor", "Assembly-CSharp-Editor.csproj", "{66DA1961-CF19-853B-4A0E-25A3F618D9BD}"
EndProject
Global
	GlobalSection(SolutionConfigurationPlatforms) = preSolution
		Debug|Any CPU = Debug|Any CPU
		Release|Any CPU = Release|Any CPU
	EndGlobalSection
	GlobalSection(ProjectConfigurationPlatforms) = postSolution
		{E0573D07-0257-02A8-6C5F-81F58B71F59A}.Debug|Any CPU.ActiveCfg = Debug|Any CPU
		{E0573D07-0257-02A8-6C5F-81F58B71F59A}.Debug|Any CPU.Build.0 = Debug|Any CPU
		{E0573D07-0257-02A8-6C5F-81F58B71F59A}.Release|Any CPU.ActiveCfg = Release|Any CPU
		{E0573D07-0257-02A8-6C5F-81F58B71F59A}.Release|Any CPU.Build.0 = Release|Any CPU
		{66DA1961-CF19-853B-4A0E-25A3F618D9BD}.Debug|Any CPU.ActiveCfg = Debug|Any CPU
		{66DA1961-CF19-853B-4A0E-25A3F618D9BD}.Debug|Any CPU.Build.0 = Debug|Any CPU
		{66DA1961-CF19-853B-4A0E-25A3F618D9BD}.Release|Any CPU.ActiveCfg = Release|Any CPU
		{66DA1961-CF19-853B-4A0E-25A3F618D9BD}.Release|Any CPU.Build.0 = Release|Any CPU
	EndGlobalSection
	GlobalSection(SolutionProperties) = preSolution
		HideSolutionNode = FALSE
	EndGlobalSection
EndGlobal
